
Microsoft Visual Studio Solution File, Format Version 12.00
# Visual Studio Version 16
VisualStudioVersion = 16.0.31911.196
MinimumVisualStudioVersion = 10.0.40219.1
Project("{2150E333-8FDC-42A3-9474-1A3956D46DE8}") = "src", "src", "{67B39239-430F-4B33-8128-E9BDA8D9EBD6}"
EndProject
Project("{9A19103F-16F7-4668-BE54-9A1E7A4F7556}") = "Neo.Cryptography.BLS12_381", "src\Neo.Cryptography.BLS12_381\Neo.Cryptography.BLS12_381.csproj", "{0C374AC7-4826-4D31-8357-1B17D7A1EE9F}"
EndProject
Global
	GlobalSection(SolutionConfigurationPlatforms) = preSolution
		Debug|Any CPU = Debug|Any CPU
		Release|Any CPU = Release|Any CPU
	EndGlobalSection
	GlobalSection(ProjectConfigurationPlatforms) = postSolution
		{0C374AC7-4826-4D31-8357-1B17D7A1EE9F}.Debug|Any CPU.ActiveCfg = Debug|Any CPU
		{0C374AC7-4826-4D31-8357-1B17D7A1EE9F}.Debug|Any CPU.Build.0 = Debug|Any CPU
		{0C374AC7-4826-4D31-8357-1B17D7A1EE9F}.Release|Any CPU.ActiveCfg = Release|Any CPU
		{0C374AC7-4826-4D31-8357-1B17D7A1EE9F}.Release|Any CPU.Build.0 = Release|Any CPU
	EndGlobalSection
	GlobalSection(SolutionProperties) = preSolution
		HideSolutionNode = FALSE
	EndGlobalSection
	GlobalSection(NestedProjects) = preSolution
		{0C374AC7-4826-4D31-8357-1B17D7A1EE9F} = {67B39239-430F-4B33-8128-E9BDA8D9EBD6}
	EndGlobalSection
	GlobalSection(ExtensibilityGlobals) = postSolution
		SolutionGuid = {29B2D155-091E-4D95-899D-E09FCD322474}
	EndGlobalSection
EndGlobal
